# This file was autogenerated by Stack.
# You should not edit this file by hand.
# For more information, please see the documentation at:
#   https://docs.haskellstack.org/en/stable/lock_files

packages: []
snapshots:
- completed:
    sha256: 9b43e51f2c54211993d5954da8b49604704d8288103b8d9150a19a703f4e55e7
    size: 719126
    url: https://raw.githubusercontent.com/commercialhaskell/stackage-snapshots/master/lts/22/25.yaml
  original: lts-22.25
