# This file was autogenerated by Stack.
# You should not edit this file by hand.
# For more information, please see the documentation at:
#   https://docs.haskellstack.org/en/stable/lock_files

packages: []
snapshots:
- completed:
    sha256: 1f4620e9e6768c6d08bc95e644fb13a28464b430853b3cf944b8cd51ec62cecf
    size: 598113
    url: https://raw.githubusercontent.com/commercialhaskell/stackage-snapshots/master/nightly/2023/2/23.yaml
  original: nightly-2023-02-23
