# This file was autogenerated by Stack.
# You should not edit this file by hand.
# For more information, please see the documentation at:
#   https://docs.haskellstack.org/en/stable/topics/lock_files

packages: []
snapshots:
- completed:
    sha256: 473840099b95facf73ec72dcafe53a2487bfadeceb03a981a19e16469503a342
    size: 726266
    url: https://raw.githubusercontent.com/commercialhaskell/stackage-snapshots/master/lts/24/6.yaml
  original: lts-24.6
